Microsoft Visual Studio Solution File, Format Version 12.00
# Visual Studio 2012
Project("{FAE04EC0-301F-11D3-BF4B-00C04F79EFBC}") = "Project Roary", "Project Roary.csproj", "{7471D9A9-4264-4462-B7B7-2C9630C44CDE}"
EndProject
Global
	GlobalSection(SolutionConfigurationPlatforms) = preSolution
	Debug|Any CPU = Debug|Any CPU
	ExportDebug|Any CPU = ExportDebug|Any CPU
	ExportRelease|Any CPU = ExportRelease|Any CPU
	EndGlobalSection
	GlobalSection(ProjectConfigurationPlatforms) = postSolution
		{7471D9A9-4264-4462-B7B7-2C9630C44CDE}.Debug|Any CPU.ActiveCfg = Debug|Any CPU
		{7471D9A9-4264-4462-B7B7-2C9630C44CDE}.Debug|Any CPU.Build.0 = Debug|Any CPU
		{7471D9A9-4264-4462-B7B7-2C9630C44CDE}.ExportDebug|Any CPU.ActiveCfg = ExportDebug|Any CPU
		{7471D9A9-4264-4462-B7B7-2C9630C44CDE}.ExportDebug|Any CPU.Build.0 = ExportDebug|Any CPU
		{7471D9A9-4264-4462-B7B7-2C9630C44CDE}.ExportRelease|Any CPU.ActiveCfg = ExportRelease|Any CPU
		{7471D9A9-4264-4462-B7B7-2C9630C44CDE}.ExportRelease|Any CPU.Build.0 = ExportRelease|Any CPU
	EndGlobalSection
EndGlobal
